// !$*UTF8*$!
{
	archiveVersion = 1;
	classes = {
	};
	objectVersion = 56;
	objects = {

/* Begin PBXBuildFile section */
		17C35EEC295A0CEC0086AD69 /* AppDelegate.swift in Sources */ = {isa = PBXBuildFile; fileRef = 17C35EEB295A0CEC0086AD69 /* AppDelegate.swift */; };
		17C35EEE295A0CEC0086AD69 /* SceneDelegate.swift in Sources */ = {isa = PBXBuildFile; fileRef = 17C35EED295A0CEC0086AD69 /* SceneDelegate.swift */; };
		17C35EF0295A0CEC0086AD69 /* ViewController.swift in Sources */ = {isa = PBXBuildFile; fileRef = 17C35EEF295A0CEC0086AD69 /* ViewController.swift */; };
		17C35EF3295A0CEC0086AD69 /* Main.storyboard in Resources */ = {isa = PBXBuildFile; fileRef = 17C35EF1295A0CEC0086AD69 /* Main.storyboard */; };
		17C35EF5295A0CEE0086AD69 /* Assets.xcassets in Resources */ = {isa = PBXBuildFile; fileRef = 17C35EF4295A0CEE0086AD69 /* Assets.xcassets */; };
		17C35EF8295A0CEE0086AD69 /* LaunchScreen.storyboard in Resources */ = {isa = PBXBuildFile; fileRef = 17C35EF6295A0CEE0086AD69 /* LaunchScreen.storyboard */; };
		17C35F00295A0E560086AD69 /* Abba.mp3 in Resources */ = {isa = PBXBuildFile; fileRef = 17C35EFF295A0E560086AD69 /* Abba.mp3 */; };
/* End PBXBuildFile section */

/* Begin PBXFileReference section */
		17C35EE8295A0CEC0086AD69 /* lesson6UISlider.app */ = {isa = PBXFileReference; explicitFileType = wrapper.application; includeInIndex = 0; path = lesson6UISlider.app; sourceTree = BUILT_PRODUCTS_DIR; };
		17C35EEB295A0CEC0086AD69 /* AppDelegate.swift */ = {isa = PBXFileReference; lastKnownFileType = sourcecode.swift; path = AppDelegate.swift; sourceTree = "<group>"; };
		17C35EED295A0CEC0086AD69 /* SceneDelegate.swift */ = {isa = PBXFileReference; lastKnownFileType = sourcecode.swift; path = SceneDelegate.swift; sourceTree = "<group>"; };
		17C35EEF295A0CEC0086AD69 /* ViewController.swift */ = {isa = PBXFileReference; lastKnownFileType = sourcecode.swift; path = ViewController.swift; sourceTree = "<group>"; };
		17C35EF2295A0CEC0086AD69 /* Base */ = {isa = PBXFileReference; lastKnownFileType = file.storyboard; name = Base; path = Base.lproj/Main.storyboard; sourceTree = "<group>"; };
		17C35EF4295A0CEE0086AD69 /* Assets.xcassets */ = {isa = PBXFileReference; lastKnownFileType = folder.assetcatalog; path = Assets.xcassets; sourceTree = "<group>"; };
		17C35EF7295A0CEE0086AD69 /* Base */ = {isa = PBXFileReference; lastKnownFileType = file.storyboard; name = Base; path = Base.lproj/LaunchScreen.storyboard; sourceTree = "<group>"; };
		17C35EF9295A0CEE0086AD69 /* Info.plist */ = {isa = PBXFileReference; lastKnownFileType = text.plist.xml; path = Info.plist; sourceTree = "<group>"; };
		17C35EFF295A0E560086AD69 /* Abba.mp3 */ = {isa = PBXFileReference; lastKnownFileType = audio.mp3; path = Abba.mp3; sourceTree = "<group>"; };
/* End PBXFileReference section */

/* Begin PBXFrameworksBuildPhase section */
		17C35EE5295A0CEC0086AD69 /* Frameworks */ = {
			isa = PBXFrameworksBuildPhase;
			buildActionMask = 2147483647;
			files = (
			);
			runOnlyForDeploymentPostprocessing = 0;
		};
/* End PBXFrameworksBuildPhase section */

/* Begin PBXGroup section */
		17C35EDF295A0CEC0086AD69 = {
			isa = PBXGroup;
			children = (
				17C35EEA295A0CEC0086AD69 /* lesson6UISlider */,
				17C35EE9295A0CEC0086AD69 /* Products */,
			);
			sourceTree = "<group>";
		};
		17C35EE9295A0CEC0086AD69 /* Products */ = {
			isa = PBXGroup;
			children = (
				17C35EE8295A0CEC0086AD69 /* lesson6UISlider.app */,
			);
			name = Products;
			sourceTree = "<group>";
		};
		17C35EEA295A0CEC0086AD69 /* lesson6UISlider */ = {
			isa = PBXGroup;
			children = (
				17C35EEB295A0CEC0086AD69 /* AppDelegate.swift */,
				17C35EED295A0CEC0086AD69 /* SceneDelegate.swift */,
				17C35EEF295A0CEC0086AD69 /* ViewController.swift */,
				17C35EF1295A0CEC0086AD69 /* Main.storyboard */,
				17C35EF4295A0CEE0086AD69 /* Assets.xcassets */,
				17C35EFF295A0E560086AD69 /* Abba.mp3 */,
				17C35EF6295A0CEE0086AD69 /* LaunchScreen.storyboard */,
				17C35EF9295A0CEE0086AD69 /* Info.plist */,
			);
			path = lesson6UISlider;
			sourceTree = "<group>";
		};
/* End PBXGroup section */

/* Begin PBXNativeTarget section */
		17C35EE7295A0CEC0086AD69 /* lesson6UISlider */ = {
			isa = PBXNativeTarget;
			buildConfigurationList = 17C35EFC295A0CEE0086AD69 /* Build configuration list for PBXNativeTarget "lesson6UISlider" */;
			buildPhases = (
				17C35EE4295A0CEC0086AD69 /* Sources */,
				17C35EE5295A0CEC0086AD69 /* Frameworks */,
				17C35EE6295A0CEC0086AD69 /* Resources */,
			);
			buildRules = (
			);
			dependencies = (
			);
			name = lesson6UISlider;
			productName = lesson6UISlider;
			productReference = 17C35EE8295A0CEC0086AD69 /* lesson6UISlider.app */;
			productType = "com.apple.product-type.application";
		};
/* End PBXNativeTarget section */

/* Begin PBXProject section */
		17C35EE0295A0CEC0086AD69 /* Project object */ = {
			isa = PBXProject;
			attributes = {
				BuildIndependentTargetsInParallel = 1;
				LastSwiftUpdateCheck = 1410;
				LastUpgradeCheck = 1410;
				TargetAttributes = {
					17C35EE7295A0CEC0086AD69 = {
						CreatedOnToolsVersion = 14.1;
					};
				};
			};
			buildConfigurationList = 17C35EE3295A0CEC0086AD69 /* Build configuration list for PBXProject "lesson6UISlider" */;
			compatibilityVersion = "Xcode 14.0";
			developmentRegion = en;
			hasScannedForEncodings = 0;
			knownRegions = (
				en,
				Base,
			);
			mainGroup = 17C35EDF295A0CEC0086AD69;
			productRefGroup = 17C35EE9295A0CEC0086AD69 /* Products */;
			projectDirPath = "";
			projectRoot = "";
			targets = (
				17C35EE7295A0CEC0086AD69 /* lesson6UISlider */,
			);
		};
/* End PBXProject section */

/* Begin PBXResourcesBuildPhase section */
		17C35EE6295A0CEC0086AD69 /* Resources */ = {
			isa = PBXResourcesBuildPhase;
			buildActionMask = 2147483647;
			files = (
				17C35F00295A0E560086AD69 /* Abba.mp3 in Resources */,
				17C35EF8295A0CEE0086AD69 /* LaunchScreen.storyboard in Resources */,
				17C35EF5295A0CEE0086AD69 /* Assets.xcassets in Resources */,
				17C35EF3295A0CEC0086AD69 /* Main.storyboard in Resources */,
			);
			runOnlyForDeploymentPostprocessing = 0;
		};
/* End PBXResourcesBuildPhase section */

/* Begin PBXSourcesBuildPhase section */
		17C35EE4295A0CEC0086AD69 /* Sources */ = {
			isa = PBXSourcesBuildPhase;
			buildActionMask = 2147483647;
			files = (
				17C35EF0295A0CEC0086AD69 /* ViewController.swift in Sources */,
				17C35EEC295A0CEC0086AD69 /* AppDelegate.swift in Sources */,
				17C35EEE295A0CEC0086AD69 /* SceneDelegate.swift in Sources */,
			);
			runOnlyForDeploymentPostprocessing = 0;
		};
/* End PBXSourcesBuildPhase section */

/* Begin PBXVariantGroup section */
		17C35EF1295A0CEC0086AD69 /* Main.storyboard */ = {
			isa = PBXVariantGroup;
			children = (
				17C35EF2295A0CEC0086AD69 /* Base */,
			);
			name = Main.storyboard;
			sourceTree = "<group>";
		};
		17C35EF6295A0CEE0086AD69 /* LaunchScreen.storyboard */ = {
			isa = PBXVariantGroup;
			children = (
				17C35EF7295A0CEE0086AD69 /* Base */,
			);
			name = LaunchScreen.storyboard;
			sourceTree = "<group>";
		};
/* End PBXVariantGroup section */

/* Begin XCBuildConfiguration section */
		17C35EFA295A0CEE0086AD69 /* Debug */ = {
			isa = XCBuildConfiguration;
			buildSettings = {
				ALWAYS_SEARCH_USER_PATHS = NO;
				CLANG_ANALYZER_NONNULL = YES;
				CLANG_ANALYZER_NUMBER_OBJECT_CONVERSION = YES_AGGRESSIVE;
				CLANG_CXX_LANGUAGE_STANDARD = "gnu++20";
				CLANG_ENABLE_MODULES = YES;
				CLANG_ENABLE_OBJC_ARC = YES;
				CLANG_ENABLE_OBJC_WEAK = YES;
				CLANG_WARN_BLOCK_CAPTURE_AUTORELEASING = YES;
				CLANG_WARN_BOOL_CONVERSION = YES;
				CLANG_WARN_COMMA = YES;
				CLANG_WARN_CONSTANT_CONVERSION = YES;
				CLANG_WARN_DEPRECATED_OBJC_IMPLEMENTATIONS = YES;
				CLANG_WARN_DIRECT_OBJC_ISA_USAGE = YES_ERROR;
				CLANG_WARN_DOCUMENTATION_COMMENTS = YES;
				CLANG_WARN_EMPTY_BODY = YES;
				CLANG_WARN_ENUM_CONVERSION = YES;
				CLANG_WARN_INFINITE_RECURSION = YES;
				CLANG_WARN_INT_CONVERSION = YES;
				CLANG_WARN_NON_LITERAL_NULL_CONVERSION = YES;
				CLANG_WARN_OBJC_IMPLICIT_RETAIN_SELF = YES;
				CLANG_WARN_OBJC_LITERAL_CONVERSION = YES;
				CLANG_WARN_OBJC_ROOT_CLASS = YES_ERROR;
				CLANG_WARN_QUOTED_INCLUDE_IN_FRAMEWORK_HEADER = YES;
				CLANG_WARN_RANGE_LOOP_ANALYSIS = YES;
				CLANG_WARN_STRICT_PROTOTYPES = YES;
				CLANG_WARN_SUSPICIOUS_MOVE = YES;
				CLANG_WARN_UNGUARDED_AVAILABILITY = YES_AGGRESSIVE;
				CLANG_WARN_UNREACHABLE_CODE = YES;
				CLANG_WARN__DUPLICATE_METHOD_MATCH = YES;
				COPY_PHASE_STRIP = NO;
				DEBUG_INFORMATION_FORMAT = dwarf;
				ENABLE_STRICT_OBJC_MSGSEND = YES;
				ENABLE_TESTABILITY = YES;
				GCC_C_LANGUAGE_STANDARD = gnu11;
				GCC_DYNAMIC_NO_PIC = NO;
				GCC_NO_COMMON_BLOCKS = YES;
				GCC_OPTIMIZATION_LEVEL = 0;
				GCC_PREPROCESSOR_DEFINITIONS = (
					"DEBUG=1",
					"$(inherited)",
				);
				GCC_WARN_64_TO_32_BIT_CONVERSION = YES;
				GCC_WARN_ABOUT_RETURN_TYPE = YES_ERROR;
				GCC_WARN_UNDECLARED_SELECTOR = YES;
				GCC_WARN_UNINITIALIZED_AUTOS = YES_AGGRESSIVE;
				GCC_WARN_UNUSED_FUNCTION = YES;
				GCC_WARN_UNUSED_VARIABLE = YES;
				IPHONEOS_DEPLOYMENT_TARGET = 16.1;
				MTL_ENABLE_DEBUG_INFO = INCLUDE_SOURCE;
				MTL_FAST_MATH = YES;
				ONLY_ACTIVE_ARCH = YES;
				SDKROOT = iphoneos;
				SWIFT_ACTIVE_COMPILATION_CONDITIONS = DEBUG;
				SWIFT_OPTIMIZATION_LEVEL = "-Onone";
			};
			name = Debug;
		};
		17C35EFB295A0CEE0086AD69 /* Release */ = {
			isa = XCBuildConfiguration;
			buildSettings = {
				ALWAYS_SEARCH_USER_PATHS = NO;
				CLANG_ANALYZER_NONNULL = YES;
				CLANG_ANALYZER_NUMBER_OBJECT_CONVERSION = YES_AGGRESSIVE;
				CLANG_CXX_LANGUAGE_STANDARD = "gnu++20";
				CLANG_ENABLE_MODULES = YES;
				CLANG_ENABLE_OBJC_ARC = YES;
				CLANG_ENABLE_OBJC_WEAK = YES;
				CLANG_WARN_BLOCK_CAPTURE_AUTORELEASING = YES;
				CLANG_WARN_BOOL_CONVERSION = YES;
				CLANG_WARN_COMMA = YES;
				CLANG_WARN_CONSTANT_CONVERSION = YES;
				CLANG_WARN_DEPRECATED_OBJC_IMPLEMENTATIONS = YES;
				CLANG_WARN_DIRECT_OBJC_ISA_USAGE = YES_ERROR;
				CLANG_WARN_DOCUMENTATION_COMMENTS = YES;
				CLANG_WARN_EMPTY_BODY = YES;
				CLANG_WARN_ENUM_CONVERSION = YES;
				CLANG_WARN_INFINITE_RECURSION = YES;
				CLANG_WARN_INT_CONVERSION = YES;
				CLANG_WARN_NON_LITERAL_NULL_CONVERSION = YES;
				CLANG_WARN_OBJC_IMPLICIT_RETAIN_SELF = YES;
				CLANG_WARN_OBJC_LITERAL_CONVERSION = YES;
				CLANG_WARN_OBJC_ROOT_CLASS = YES_ERROR;
				CLANG_WARN_QUOTED_INCLUDE_IN_FRAMEWORK_HEADER = YES;
				CLANG_WARN_RANGE_LOOP_ANALYSIS = YES;
				CLANG_WARN_STRICT_PROTOTYPES = YES;
				CLANG_WARN_SUSPICIOUS_MOVE = YES;
				CLANG_WARN_UNGUARDED_AVAILABILITY = YES_AGGRESSIVE;
				CLANG_WARN_UNREACHABLE_CODE = YES;
				CLANG_WARN__DUPLICATE_METHOD_MATCH = YES;
				COPY_PHASE_STRIP = NO;
				DEBUG_INFORMATION_FORMAT = "dwarf-with-dsym";
				ENABLE_NS_ASSERTIONS = NO;
				ENABLE_STRICT_OBJC_MSGSEND = YES;
				GCC_C_LANGUAGE_STANDARD = gnu11;
				GCC_NO_COMMON_BLOCKS = YES;
				GCC_WARN_64_TO_32_BIT_CONVERSION = YES;
				GCC_WARN_ABOUT_RETURN_TYPE = YES_ERROR;
				GCC_WARN_UNDECLARED_SELECTOR = YES;
				GCC_WARN_UNINITIALIZED_AUTOS = YES_AGGRESSIVE;
				GCC_WARN_UNUSED_FUNCTION = YES;
				GCC_WARN_UNUSED_VARIABLE = YES;
				IPHONEOS_DEPLOYMENT_TARGET = 16.1;
				MTL_ENABLE_DEBUG_INFO = NO;
				MTL_FAST_MATH = YES;
				SDKROOT = iphoneos;
				SWIFT_COMPILATION_MODE = wholemodule;
				SWIFT_OPTIMIZATION_LEVEL = "-O";
				VALIDATE_PRODUCT = YES;
			};
			name = Release;
		};
		17C35EFD295A0CEE0086AD69 /* Debug */ = {
			isa = XCBuildConfiguration;
			buildSettings = {
				ASSETCATALOG_COMPILER_APPICON_NAME = AppIcon;
				ASSETCATALOG_COMPILER_GLOBAL_ACCENT_COLOR_NAME = AccentColor;
				CODE_SIGN_STYLE = Automatic;
				CURRENT_PROJECT_VERSION = 1;
				DEVELOPMENT_TEAM = LA9F8MT28T;
				GENERATE_INFOPLIST_FILE = YES;
				INFOPLIST_FILE = lesson6UISlider/Info.plist;
				INFOPLIST_KEY_UIApplicationSupportsIndirectInputEvents = YES;
				INFOPLIST_KEY_UILaunchStoryboardName = LaunchScreen;
				INFOPLIST_KEY_UIMainStoryboardFile = Main;
				INFOPLIST_KEY_UISupportedInterfaceOrientations_iPad = "UIInterfaceOrientationPortrait UIInterfaceOrientationPortraitUpsideDown UIInterfaceOrientationLandscapeLeft UIInterfaceOrientationLandscapeRight";
				INFOPLIST_KEY_UISupportedInterfaceOrientations_iPhone = "UIInterfaceOrientationPortrait UIInterfaceOrientationLandscapeLeft UIInterfaceOrientationLandscapeRight";
				LD_RUNPATH_SEARCH_PATHS = (
					"$(inherited)",
					"@executable_path/Frameworks",
				);
				MARKETING_VERSION = 1.0;
				PRODUCT_BUNDLE_IDENTIFIER = com.karen.lesson6UISlider;
				PRODUCT_NAME = "$(TARGET_NAME)";
				SWIFT_EMIT_LOC_STRINGS = YES;
				SWIFT_VERSION = 5.0;
				TARGETED_DEVICE_FAMILY = "1,2";
			};
			name = Debug;
		};
		17C35EFE295A0CEE0086AD69 /* Release */ = {
			isa = XCBuildConfiguration;
			buildSettings = {
				ASSETCATALOG_COMPILER_APPICON_NAME = AppIcon;
				ASSETCATALOG_COMPILER_GLOBAL_ACCENT_COLOR_NAME = AccentColor;
				CODE_SIGN_STYLE = Automatic;
				CURRENT_PROJECT_VERSION = 1;
				DEVELOPMENT_TEAM = LA9F8MT28T;
				GENERATE_INFOPLIST_FILE = YES;
				INFOPLIST_FILE = lesson6UISlider/Info.plist;
				INFOPLIST_KEY_UIApplicationSupportsIndirectInputEvents = YES;
				INFOPLIST_KEY_UILaunchStoryboardName = LaunchScreen;
				INFOPLIST_KEY_UIMainStoryboardFile = Main;
				INFOPLIST_KEY_UISupportedInterfaceOrientations_iPad = "UIInterfaceOrientationPortrait UIInterfaceOrientationPortraitUpsideDown UIInterfaceOrientationLandscapeLeft UIInterfaceOrientationLandscapeRight";
				INFOPLIST_KEY_UISupportedInterfaceOrientations_iPhone = "UIInterfaceOrientationPortrait UIInterfaceOrientationLandscapeLeft UIInterfaceOrientationLandscapeRight";
				LD_RUNPATH_SEARCH_PATHS = (
					"$(inherited)",
					"@executable_path/Frameworks",
				);
				MARKETING_VERSION = 1.0;
				PRODUCT_BUNDLE_IDENTIFIER = com.karen.lesson6UISlider;
				PRODUCT_NAME = "$(TARGET_NAME)";
				SWIFT_EMIT_LOC_STRINGS = YES;
				SWIFT_VERSION = 5.0;
				TARGETED_DEVICE_FAMILY = "1,2";
			};
			name = Release;
		};
/* End XCBuildConfiguration section */

/* Begin XCConfigurationList section */
		17C35EE3295A0CEC0086AD69 /* Build configuration list for PBXProject "lesson6UISlider" */ = {
			isa = XCConfigurationList;
			buildConfigurations = (
				17C35EFA295A0CEE0086AD69 /* Debug */,
				17C35EFB295A0CEE0086AD69 /* Release */,
			);
			defaultConfigurationIsVisible = 0;
			defaultConfigurationName = Release;
		};
		17C35EFC295A0CEE0086AD69 /* Build configuration list for PBXNativeTarget "lesson6UISlider" */ = {
			isa = XCConfigurationList;
			buildConfigurations = (
				17C35EFD295A0CEE0086AD69 /* Debug */,
				17C35EFE295A0CEE0086AD69 /* Release */,
			);
			defaultConfigurationIsVisible = 0;
			defaultConfigurationName = Release;
		};
/* End XCConfigurationList section */
	};
	rootObject = 17C35EE0295A0CEC0086AD69 /* Project object */;
}
