// !$*UTF8*$!
{
	archiveVersion = 1;
	classes = {
	};
	objectVersion = 56;
	objects = {

/* Begin PBXBuildFile section */
		17ABCDC1295B4609009AC564 /* AppDelegate.swift in Sources */ = {isa = PBXBuildFile; fileRef = 17ABCDC0295B4609009AC564 /* AppDelegate.swift */; };
		17ABCDC3295B4609009AC564 /* SceneDelegate.swift in Sources */ = {isa = PBXBuildFile; fileRef = 17ABCDC2295B4609009AC564 /* SceneDelegate.swift */; };
		17ABCDC5295B4609009AC564 /* ViewController.swift in Sources */ = {isa = PBXBuildFile; fileRef = 17ABCDC4295B4609009AC564 /* ViewController.swift */; };
		17ABCDC8295B4609009AC564 /* Main.storyboard in Resources */ = {isa = PBXBuildFile; fileRef = 17ABCDC6295B4609009AC564 /* Main.storyboard */; };
		17ABCDCA295B460A009AC564 /* Assets.xcassets in Resources */ = {isa = PBXBuildFile; fileRef = 17ABCDC9295B460A009AC564 /* Assets.xcassets */; };
		17ABCDCD295B460A009AC564 /* LaunchScreen.storyboard in Resources */ = {isa = PBXBuildFile; fileRef = 17ABCDCB295B460A009AC564 /* LaunchScreen.storyboard */; };
		17ABCDD7295B4D11009AC564 /* White3.png in Resources */ = {isa = PBXBuildFile; fileRef = 17ABCDD4295B4D11009AC564 /* White3.png */; };
		17ABCDD8295B4D11009AC564 /* White2.png in Resources */ = {isa = PBXBuildFile; fileRef = 17ABCDD5295B4D11009AC564 /* White2.png */; };
		17ABCDD9295B4D11009AC564 /* White1.png in Resources */ = {isa = PBXBuildFile; fileRef = 17ABCDD6295B4D11009AC564 /* White1.png */; };
/* End PBXBuildFile section */

/* Begin PBXFileReference section */
		17ABCDBD295B4609009AC564 /* lesson7UISegmentControl.app */ = {isa = PBXFileReference; explicitFileType = wrapper.application; includeInIndex = 0; path = lesson7UISegmentControl.app; sourceTree = BUILT_PRODUCTS_DIR; };
		17ABCDC0295B4609009AC564 /* AppDelegate.swift */ = {isa = PBXFileReference; lastKnownFileType = sourcecode.swift; path = AppDelegate.swift; sourceTree = "<group>"; };
		17ABCDC2295B4609009AC564 /* SceneDelegate.swift */ = {isa = PBXFileReference; lastKnownFileType = sourcecode.swift; path = SceneDelegate.swift; sourceTree = "<group>"; };
		17ABCDC4295B4609009AC564 /* ViewController.swift */ = {isa = PBXFileReference; lastKnownFileType = sourcecode.swift; path = ViewController.swift; sourceTree = "<group>"; };
		17ABCDC7295B4609009AC564 /* Base */ = {isa = PBXFileReference; lastKnownFileType = file.storyboard; name = Base; path = Base.lproj/Main.storyboard; sourceTree = "<group>"; };
		17ABCDC9295B460A009AC564 /* Assets.xcassets */ = {isa = PBXFileReference; lastKnownFileType = folder.assetcatalog; path = Assets.xcassets; sourceTree = "<group>"; };
		17ABCDCC295B460A009AC564 /* Base */ = {isa = PBXFileReference; lastKnownFileType = file.storyboard; name = Base; path = Base.lproj/LaunchScreen.storyboard; sourceTree = "<group>"; };
		17ABCDCE295B460A009AC564 /* Info.plist */ = {isa = PBXFileReference; lastKnownFileType = text.plist.xml; path = Info.plist; sourceTree = "<group>"; };
		17ABCDD4295B4D11009AC564 /* White3.png */ = {isa = PBXFileReference; lastKnownFileType = image.png; path = White3.png; sourceTree = "<group>"; };
		17ABCDD5295B4D11009AC564 /* White2.png */ = {isa = PBXFileReference; lastKnownFileType = image.png; path = White2.png; sourceTree = "<group>"; };
		17ABCDD6295B4D11009AC564 /* White1.png */ = {isa = PBXFileReference; lastKnownFileType = image.png; path = White1.png; sourceTree = "<group>"; };
/* End PBXFileReference section */

/* Begin PBXFrameworksBuildPhase section */
		17ABCDBA295B4609009AC564 /* Frameworks */ = {
			isa = PBXFrameworksBuildPhase;
			buildActionMask = 2147483647;
			files = (
			);
			runOnlyForDeploymentPostprocessing = 0;
		};
/* End PBXFrameworksBuildPhase section */

/* Begin PBXGroup section */
		17ABCDB4295B4609009AC564 = {
			isa = PBXGroup;
			children = (
				17ABCDBF295B4609009AC564 /* lesson7UISegmentControl */,
				17ABCDBE295B4609009AC564 /* Products */,
			);
			sourceTree = "<group>";
		};
		17ABCDBE295B4609009AC564 /* Products */ = {
			isa = PBXGroup;
			children = (
				17ABCDBD295B4609009AC564 /* lesson7UISegmentControl.app */,
			);
			name = Products;
			sourceTree = "<group>";
		};
		17ABCDBF295B4609009AC564 /* lesson7UISegmentControl */ = {
			isa = PBXGroup;
			children = (
				17ABCDC0295B4609009AC564 /* AppDelegate.swift */,
				17ABCDC2295B4609009AC564 /* SceneDelegate.swift */,
				17ABCDC4295B4609009AC564 /* ViewController.swift */,
				17ABCDC6295B4609009AC564 /* Main.storyboard */,
				17ABCDD6295B4D11009AC564 /* White1.png */,
				17ABCDD5295B4D11009AC564 /* White2.png */,
				17ABCDD4295B4D11009AC564 /* White3.png */,
				17ABCDC9295B460A009AC564 /* Assets.xcassets */,
				17ABCDCB295B460A009AC564 /* LaunchScreen.storyboard */,
				17ABCDCE295B460A009AC564 /* Info.plist */,
			);
			path = lesson7UISegmentControl;
			sourceTree = "<group>";
		};
/* End PBXGroup section */

/* Begin PBXNativeTarget section */
		17ABCDBC295B4609009AC564 /* lesson7UISegmentControl */ = {
			isa = PBXNativeTarget;
			buildConfigurationList = 17ABCDD1295B460A009AC564 /* Build configuration list for PBXNativeTarget "lesson7UISegmentControl" */;
			buildPhases = (
				17ABCDB9295B4609009AC564 /* Sources */,
				17ABCDBA295B4609009AC564 /* Frameworks */,
				17ABCDBB295B4609009AC564 /* Resources */,
			);
			buildRules = (
			);
			dependencies = (
			);
			name = lesson7UISegmentControl;
			productName = lesson7UISegmentControl;
			productReference = 17ABCDBD295B4609009AC564 /* lesson7UISegmentControl.app */;
			productType = "com.apple.product-type.application";
		};
/* End PBXNativeTarget section */

/* Begin PBXProject section */
		17ABCDB5295B4609009AC564 /* Project object */ = {
			isa = PBXProject;
			attributes = {
				BuildIndependentTargetsInParallel = 1;
				LastSwiftUpdateCheck = 1410;
				LastUpgradeCheck = 1410;
				TargetAttributes = {
					17ABCDBC295B4609009AC564 = {
						CreatedOnToolsVersion = 14.1;
					};
				};
			};
			buildConfigurationList = 17ABCDB8295B4609009AC564 /* Build configuration list for PBXProject "lesson7UISegmentControl" */;
			compatibilityVersion = "Xcode 14.0";
			developmentRegion = en;
			hasScannedForEncodings = 0;
			knownRegions = (
				en,
				Base,
			);
			mainGroup = 17ABCDB4295B4609009AC564;
			productRefGroup = 17ABCDBE295B4609009AC564 /* Products */;
			projectDirPath = "";
			projectRoot = "";
			targets = (
				17ABCDBC295B4609009AC564 /* lesson7UISegmentControl */,
			);
		};
/* End PBXProject section */

/* Begin PBXResourcesBuildPhase section */
		17ABCDBB295B4609009AC564 /* Resources */ = {
			isa = PBXResourcesBuildPhase;
			buildActionMask = 2147483647;
			files = (
				17ABCDCD295B460A009AC564 /* LaunchScreen.storyboard in Resources */,
				17ABCDD7295B4D11009AC564 /* White3.png in Resources */,
				17ABCDD8295B4D11009AC564 /* White2.png in Resources */,
				17ABCDCA295B460A009AC564 /* Assets.xcassets in Resources */,
				17ABCDC8295B4609009AC564 /* Main.storyboard in Resources */,
				17ABCDD9295B4D11009AC564 /* White1.png in Resources */,
			);
			runOnlyForDeploymentPostprocessing = 0;
		};
/* End PBXResourcesBuildPhase section */

/* Begin PBXSourcesBuildPhase section */
		17ABCDB9295B4609009AC564 /* Sources */ = {
			isa = PBXSourcesBuildPhase;
			buildActionMask = 2147483647;
			files = (
				17ABCDC5295B4609009AC564 /* ViewController.swift in Sources */,
				17ABCDC1295B4609009AC564 /* AppDelegate.swift in Sources */,
				17ABCDC3295B4609009AC564 /* SceneDelegate.swift in Sources */,
			);
			runOnlyForDeploymentPostprocessing = 0;
		};
/* End PBXSourcesBuildPhase section */

/* Begin PBXVariantGroup section */
		17ABCDC6295B4609009AC564 /* Main.storyboard */ = {
			isa = PBXVariantGroup;
			children = (
				17ABCDC7295B4609009AC564 /* Base */,
			);
			name = Main.storyboard;
			sourceTree = "<group>";
		};
		17ABCDCB295B460A009AC564 /* LaunchScreen.storyboard */ = {
			isa = PBXVariantGroup;
			children = (
				17ABCDCC295B460A009AC564 /* Base */,
			);
			name = LaunchScreen.storyboard;
			sourceTree = "<group>";
		};
/* End PBXVariantGroup section */

/* Begin XCBuildConfiguration section */
		17ABCDCF295B460A009AC564 /* Debug */ = {
			isa = XCBuildConfiguration;
			buildSettings = {
				ALWAYS_SEARCH_USER_PATHS = NO;
				CLANG_ANALYZER_NONNULL = YES;
				CLANG_ANALYZER_NUMBER_OBJECT_CONVERSION = YES_AGGRESSIVE;
				CLANG_CXX_LANGUAGE_STANDARD = "gnu++20";
				CLANG_ENABLE_MODULES = YES;
				CLANG_ENABLE_OBJC_ARC = YES;
				CLANG_ENABLE_OBJC_WEAK = YES;
				CLANG_WARN_BLOCK_CAPTURE_AUTORELEASING = YES;
				CLANG_WARN_BOOL_CONVERSION = YES;
				CLANG_WARN_COMMA = YES;
				CLANG_WARN_CONSTANT_CONVERSION = YES;
				CLANG_WARN_DEPRECATED_OBJC_IMPLEMENTATIONS = YES;
				CLANG_WARN_DIRECT_OBJC_ISA_USAGE = YES_ERROR;
				CLANG_WARN_DOCUMENTATION_COMMENTS = YES;
				CLANG_WARN_EMPTY_BODY = YES;
				CLANG_WARN_ENUM_CONVERSION = YES;
				CLANG_WARN_INFINITE_RECURSION = YES;
				CLANG_WARN_INT_CONVERSION = YES;
				CLANG_WARN_NON_LITERAL_NULL_CONVERSION = YES;
				CLANG_WARN_OBJC_IMPLICIT_RETAIN_SELF = YES;
				CLANG_WARN_OBJC_LITERAL_CONVERSION = YES;
				CLANG_WARN_OBJC_ROOT_CLASS = YES_ERROR;
				CLANG_WARN_QUOTED_INCLUDE_IN_FRAMEWORK_HEADER = YES;
				CLANG_WARN_RANGE_LOOP_ANALYSIS = YES;
				CLANG_WARN_STRICT_PROTOTYPES = YES;
				CLANG_WARN_SUSPICIOUS_MOVE = YES;
				CLANG_WARN_UNGUARDED_AVAILABILITY = YES_AGGRESSIVE;
				CLANG_WARN_UNREACHABLE_CODE = YES;
				CLANG_WARN__DUPLICATE_METHOD_MATCH = YES;
				COPY_PHASE_STRIP = NO;
				DEBUG_INFORMATION_FORMAT = dwarf;
				ENABLE_STRICT_OBJC_MSGSEND = YES;
				ENABLE_TESTABILITY = YES;
				GCC_C_LANGUAGE_STANDARD = gnu11;
				GCC_DYNAMIC_NO_PIC = NO;
				GCC_NO_COMMON_BLOCKS = YES;
				GCC_OPTIMIZATION_LEVEL = 0;
				GCC_PREPROCESSOR_DEFINITIONS = (
					"DEBUG=1",
					"$(inherited)",
				);
				GCC_WARN_64_TO_32_BIT_CONVERSION = YES;
				GCC_WARN_ABOUT_RETURN_TYPE = YES_ERROR;
				GCC_WARN_UNDECLARED_SELECTOR = YES;
				GCC_WARN_UNINITIALIZED_AUTOS = YES_AGGRESSIVE;
				GCC_WARN_UNUSED_FUNCTION = YES;
				GCC_WARN_UNUSED_VARIABLE = YES;
				IPHONEOS_DEPLOYMENT_TARGET = 16.1;
				MTL_ENABLE_DEBUG_INFO = INCLUDE_SOURCE;
				MTL_FAST_MATH = YES;
				ONLY_ACTIVE_ARCH = YES;
				SDKROOT = iphoneos;
				SWIFT_ACTIVE_COMPILATION_CONDITIONS = DEBUG;
				SWIFT_OPTIMIZATION_LEVEL = "-Onone";
			};
			name = Debug;
		};
		17ABCDD0295B460A009AC564 /* Release */ = {
			isa = XCBuildConfiguration;
			buildSettings = {
				ALWAYS_SEARCH_USER_PATHS = NO;
				CLANG_ANALYZER_NONNULL = YES;
				CLANG_ANALYZER_NUMBER_OBJECT_CONVERSION = YES_AGGRESSIVE;
				CLANG_CXX_LANGUAGE_STANDARD = "gnu++20";
				CLANG_ENABLE_MODULES = YES;
				CLANG_ENABLE_OBJC_ARC = YES;
				CLANG_ENABLE_OBJC_WEAK = YES;
				CLANG_WARN_BLOCK_CAPTURE_AUTORELEASING = YES;
				CLANG_WARN_BOOL_CONVERSION = YES;
				CLANG_WARN_COMMA = YES;
				CLANG_WARN_CONSTANT_CONVERSION = YES;
				CLANG_WARN_DEPRECATED_OBJC_IMPLEMENTATIONS = YES;
				CLANG_WARN_DIRECT_OBJC_ISA_USAGE = YES_ERROR;
				CLANG_WARN_DOCUMENTATION_COMMENTS = YES;
				CLANG_WARN_EMPTY_BODY = YES;
				CLANG_WARN_ENUM_CONVERSION = YES;
				CLANG_WARN_INFINITE_RECURSION = YES;
				CLANG_WARN_INT_CONVERSION = YES;
				CLANG_WARN_NON_LITERAL_NULL_CONVERSION = YES;
				CLANG_WARN_OBJC_IMPLICIT_RETAIN_SELF = YES;
				CLANG_WARN_OBJC_LITERAL_CONVERSION = YES;
				CLANG_WARN_OBJC_ROOT_CLASS = YES_ERROR;
				CLANG_WARN_QUOTED_INCLUDE_IN_FRAMEWORK_HEADER = YES;
				CLANG_WARN_RANGE_LOOP_ANALYSIS = YES;
				CLANG_WARN_STRICT_PROTOTYPES = YES;
				CLANG_WARN_SUSPICIOUS_MOVE = YES;
				CLANG_WARN_UNGUARDED_AVAILABILITY = YES_AGGRESSIVE;
				CLANG_WARN_UNREACHABLE_CODE = YES;
				CLANG_WARN__DUPLICATE_METHOD_MATCH = YES;
				COPY_PHASE_STRIP = NO;
				DEBUG_INFORMATION_FORMAT = "dwarf-with-dsym";
				ENABLE_NS_ASSERTIONS = NO;
				ENABLE_STRICT_OBJC_MSGSEND = YES;
				GCC_C_LANGUAGE_STANDARD = gnu11;
				GCC_NO_COMMON_BLOCKS = YES;
				GCC_WARN_64_TO_32_BIT_CONVERSION = YES;
				GCC_WARN_ABOUT_RETURN_TYPE = YES_ERROR;
				GCC_WARN_UNDECLARED_SELECTOR = YES;
				GCC_WARN_UNINITIALIZED_AUTOS = YES_AGGRESSIVE;
				GCC_WARN_UNUSED_FUNCTION = YES;
				GCC_WARN_UNUSED_VARIABLE = YES;
				IPHONEOS_DEPLOYMENT_TARGET = 16.1;
				MTL_ENABLE_DEBUG_INFO = NO;
				MTL_FAST_MATH = YES;
				SDKROOT = iphoneos;
				SWIFT_COMPILATION_MODE = wholemodule;
				SWIFT_OPTIMIZATION_LEVEL = "-O";
				VALIDATE_PRODUCT = YES;
			};
			name = Release;
		};
		17ABCDD2295B460A009AC564 /* Debug */ = {
			isa = XCBuildConfiguration;
			buildSettings = {
				ASSETCATALOG_COMPILER_APPICON_NAME = AppIcon;
				ASSETCATALOG_COMPILER_GLOBAL_ACCENT_COLOR_NAME = AccentColor;
				CODE_SIGN_STYLE = Automatic;
				CURRENT_PROJECT_VERSION = 1;
				DEVELOPMENT_TEAM = LA9F8MT28T;
				GENERATE_INFOPLIST_FILE = YES;
				INFOPLIST_FILE = lesson7UISegmentControl/Info.plist;
				INFOPLIST_KEY_UIApplicationSupportsIndirectInputEvents = YES;
				INFOPLIST_KEY_UILaunchStoryboardName = LaunchScreen;
				INFOPLIST_KEY_UIMainStoryboardFile = Main;
				INFOPLIST_KEY_UISupportedInterfaceOrientations_iPad = "UIInterfaceOrientationPortrait UIInterfaceOrientationPortraitUpsideDown UIInterfaceOrientationLandscapeLeft UIInterfaceOrientationLandscapeRight";
				INFOPLIST_KEY_UISupportedInterfaceOrientations_iPhone = "UIInterfaceOrientationPortrait UIInterfaceOrientationLandscapeLeft UIInterfaceOrientationLandscapeRight";
				LD_RUNPATH_SEARCH_PATHS = (
					"$(inherited)",
					"@executable_path/Frameworks",
				);
				MARKETING_VERSION = 1.0;
				PRODUCT_BUNDLE_IDENTIFIER = com.karen.lesson7UISegmentControl;
				PRODUCT_NAME = "$(TARGET_NAME)";
				SWIFT_EMIT_LOC_STRINGS = YES;
				SWIFT_VERSION = 5.0;
				TARGETED_DEVICE_FAMILY = "1,2";
			};
			name = Debug;
		};
		17ABCDD3295B460A009AC564 /* Release */ = {
			isa = XCBuildConfiguration;
			buildSettings = {
				ASSETCATALOG_COMPILER_APPICON_NAME = AppIcon;
				ASSETCATALOG_COMPILER_GLOBAL_ACCENT_COLOR_NAME = AccentColor;
				CODE_SIGN_STYLE = Automatic;
				CURRENT_PROJECT_VERSION = 1;
				DEVELOPMENT_TEAM = LA9F8MT28T;
				GENERATE_INFOPLIST_FILE = YES;
				INFOPLIST_FILE = lesson7UISegmentControl/Info.plist;
				INFOPLIST_KEY_UIApplicationSupportsIndirectInputEvents = YES;
				INFOPLIST_KEY_UILaunchStoryboardName = LaunchScreen;
				INFOPLIST_KEY_UIMainStoryboardFile = Main;
				INFOPLIST_KEY_UISupportedInterfaceOrientations_iPad = "UIInterfaceOrientationPortrait UIInterfaceOrientationPortraitUpsideDown UIInterfaceOrientationLandscapeLeft UIInterfaceOrientationLandscapeRight";
				INFOPLIST_KEY_UISupportedInterfaceOrientations_iPhone = "UIInterfaceOrientationPortrait UIInterfaceOrientationLandscapeLeft UIInterfaceOrientationLandscapeRight";
				LD_RUNPATH_SEARCH_PATHS = (
					"$(inherited)",
					"@executable_path/Frameworks",
				);
				MARKETING_VERSION = 1.0;
				PRODUCT_BUNDLE_IDENTIFIER = com.karen.lesson7UISegmentControl;
				PRODUCT_NAME = "$(TARGET_NAME)";
				SWIFT_EMIT_LOC_STRINGS = YES;
				SWIFT_VERSION = 5.0;
				TARGETED_DEVICE_FAMILY = "1,2";
			};
			name = Release;
		};
/* End XCBuildConfiguration section */

/* Begin XCConfigurationList section */
		17ABCDB8295B4609009AC564 /* Build configuration list for PBXProject "lesson7UISegmentControl" */ = {
			isa = XCConfigurationList;
			buildConfigurations = (
				17ABCDCF295B460A009AC564 /* Debug */,
				17ABCDD0295B460A009AC564 /* Release */,
			);
			defaultConfigurationIsVisible = 0;
			defaultConfigurationName = Release;
		};
		17ABCDD1295B460A009AC564 /* Build configuration list for PBXNativeTarget "lesson7UISegmentControl" */ = {
			isa = XCConfigurationList;
			buildConfigurations = (
				17ABCDD2295B460A009AC564 /* Debug */,
				17ABCDD3295B460A009AC564 /* Release */,
			);
			defaultConfigurationIsVisible = 0;
			defaultConfigurationName = Release;
		};
/* End XCConfigurationList section */
	};
	rootObject = 17ABCDB5295B4609009AC564 /* Project object */;
}
