// !$*UTF8*$!
{
	archiveVersion = 1;
	classes = {
	};
	objectVersion = 56;
	objects = {

/* Begin PBXBuildFile section */
		17A6AA91299698B0003BE599 /* AppDelegate.swift in Sources */ = {isa = PBXBuildFile; fileRef = 17A6AA90299698B0003BE599 /* AppDelegate.swift */; };
		17A6AA93299698B0003BE599 /* SceneDelegate.swift in Sources */ = {isa = PBXBuildFile; fileRef = 17A6AA92299698B0003BE599 /* SceneDelegate.swift */; };
		17A6AA95299698B0003BE599 /* MainViewController.swift in Sources */ = {isa = PBXBuildFile; fileRef = 17A6AA94299698B0003BE599 /* MainViewController.swift */; };
		17A6AA98299698B0003BE599 /* Main.storyboard in Resources */ = {isa = PBXBuildFile; fileRef = 17A6AA96299698B0003BE599 /* Main.storyboard */; };
		17A6AA9A299698B2003BE599 /* Assets.xcassets in Resources */ = {isa = PBXBuildFile; fileRef = 17A6AA99299698B2003BE599 /* Assets.xcassets */; };
		17A6AA9D299698B2003BE599 /* LaunchScreen.storyboard in Resources */ = {isa = PBXBuildFile; fileRef = 17A6AA9B299698B2003BE599 /* LaunchScreen.storyboard */; };
		17A6AAA8299698B2003BE599 /* MVP_level_OneTests.swift in Sources */ = {isa = PBXBuildFile; fileRef = 17A6AAA7299698B2003BE599 /* MVP_level_OneTests.swift */; };
		17A6AAB2299698B2003BE599 /* MVP_level_OneUITests.swift in Sources */ = {isa = PBXBuildFile; fileRef = 17A6AAB1299698B2003BE599 /* MVP_level_OneUITests.swift */; };
		17A6AAB4299698B2003BE599 /* MVP_level_OneUITestsLaunchTests.swift in Sources */ = {isa = PBXBuildFile; fileRef = 17A6AAB3299698B2003BE599 /* MVP_level_OneUITestsLaunchTests.swift */; };
		17A6AAC129969922003BE599 /* Person.swift in Sources */ = {isa = PBXBuildFile; fileRef = 17A6AAC029969922003BE599 /* Person.swift */; };
		17A6AAC32996995A003BE599 /* MainPresenter.swift in Sources */ = {isa = PBXBuildFile; fileRef = 17A6AAC22996995A003BE599 /* MainPresenter.swift */; };
		17A6AAC92996A2AD003BE599 /* MainViewController.xib in Resources */ = {isa = PBXBuildFile; fileRef = 17A6AAC82996A2AD003BE599 /* MainViewController.xib */; };
		17A6AACB2996A399003BE599 /* ModuleBuilder.swift in Sources */ = {isa = PBXBuildFile; fileRef = 17A6AACA2996A399003BE599 /* ModuleBuilder.swift */; };
		17A6AAD02996AB1C003BE599 /* MainPresentTest.swift in Sources */ = {isa = PBXBuildFile; fileRef = 17A6AACF2996AB1C003BE599 /* MainPresentTest.swift */; };
/* End PBXBuildFile section */

/* Begin PBXContainerItemProxy section */
		17A6AAA4299698B2003BE599 /* PBXContainerItemProxy */ = {
			isa = PBXContainerItemProxy;
			containerPortal = 17A6AA85299698B0003BE599 /* Project object */;
			proxyType = 1;
			remoteGlobalIDString = 17A6AA8C299698B0003BE599;
			remoteInfo = "MVP-level One";
		};
		17A6AAAE299698B2003BE599 /* PBXContainerItemProxy */ = {
			isa = PBXContainerItemProxy;
			containerPortal = 17A6AA85299698B0003BE599 /* Project object */;
			proxyType = 1;
			remoteGlobalIDString = 17A6AA8C299698B0003BE599;
			remoteInfo = "MVP-level One";
		};
/* End PBXContainerItemProxy section */

/* Begin PBXFileReference section */
		17A6AA8D299698B0003BE599 /* MVP-level One.app */ = {isa = PBXFileReference; explicitFileType = wrapper.application; includeInIndex = 0; path = "MVP-level One.app"; sourceTree = BUILT_PRODUCTS_DIR; };
		17A6AA90299698B0003BE599 /* AppDelegate.swift */ = {isa = PBXFileReference; lastKnownFileType = sourcecode.swift; path = AppDelegate.swift; sourceTree = "<group>"; };
		17A6AA92299698B0003BE599 /* SceneDelegate.swift */ = {isa = PBXFileReference; lastKnownFileType = sourcecode.swift; path = SceneDelegate.swift; sourceTree = "<group>"; };
		17A6AA94299698B0003BE599 /* MainViewController.swift */ = {isa = PBXFileReference; lastKnownFileType = sourcecode.swift; path = MainViewController.swift; sourceTree = "<group>"; };
		17A6AA97299698B0003BE599 /* Base */ = {isa = PBXFileReference; lastKnownFileType = file.storyboard; name = Base; path = Base.lproj/Main.storyboard; sourceTree = "<group>"; };
		17A6AA99299698B2003BE599 /* Assets.xcassets */ = {isa = PBXFileReference; lastKnownFileType = folder.assetcatalog; path = Assets.xcassets; sourceTree = "<group>"; };
		17A6AA9C299698B2003BE599 /* Base */ = {isa = PBXFileReference; lastKnownFileType = file.storyboard; name = Base; path = Base.lproj/LaunchScreen.storyboard; sourceTree = "<group>"; };
		17A6AA9E299698B2003BE599 /* Info.plist */ = {isa = PBXFileReference; lastKnownFileType = text.plist.xml; path = Info.plist; sourceTree = "<group>"; };
		17A6AAA3299698B2003BE599 /* MVP-level OneTests.xctest */ = {isa = PBXFileReference; explicitFileType = wrapper.cfbundle; includeInIndex = 0; path = "MVP-level OneTests.xctest"; sourceTree = BUILT_PRODUCTS_DIR; };
		17A6AAA7299698B2003BE599 /* MVP_level_OneTests.swift */ = {isa = PBXFileReference; lastKnownFileType = sourcecode.swift; path = MVP_level_OneTests.swift; sourceTree = "<group>"; };
		17A6AAAD299698B2003BE599 /* MVP-level OneUITests.xctest */ = {isa = PBXFileReference; explicitFileType = wrapper.cfbundle; includeInIndex = 0; path = "MVP-level OneUITests.xctest"; sourceTree = BUILT_PRODUCTS_DIR; };
		17A6AAB1299698B2003BE599 /* MVP_level_OneUITests.swift */ = {isa = PBXFileReference; lastKnownFileType = sourcecode.swift; path = MVP_level_OneUITests.swift; sourceTree = "<group>"; };
		17A6AAB3299698B2003BE599 /* MVP_level_OneUITestsLaunchTests.swift */ = {isa = PBXFileReference; lastKnownFileType = sourcecode.swift; path = MVP_level_OneUITestsLaunchTests.swift; sourceTree = "<group>"; };
		17A6AAC029969922003BE599 /* Person.swift */ = {isa = PBXFileReference; lastKnownFileType = sourcecode.swift; path = Person.swift; sourceTree = "<group>"; };
		17A6AAC22996995A003BE599 /* MainPresenter.swift */ = {isa = PBXFileReference; lastKnownFileType = sourcecode.swift; path = MainPresenter.swift; sourceTree = "<group>"; };
		17A6AAC82996A2AD003BE599 /* MainViewController.xib */ = {isa = PBXFileReference; lastKnownFileType = file.xib; path = MainViewController.xib; sourceTree = "<group>"; };
		17A6AACA2996A399003BE599 /* ModuleBuilder.swift */ = {isa = PBXFileReference; lastKnownFileType = sourcecode.swift; path = ModuleBuilder.swift; sourceTree = "<group>"; };
		17A6AACF2996AB1C003BE599 /* MainPresentTest.swift */ = {isa = PBXFileReference; lastKnownFileType = sourcecode.swift; path = MainPresentTest.swift; sourceTree = "<group>"; };
/* End PBXFileReference section */

/* Begin PBXFrameworksBuildPhase section */
		17A6AA8A299698B0003BE599 /* Frameworks */ = {
			isa = PBXFrameworksBuildPhase;
			buildActionMask = 2147483647;
			files = (
			);
			runOnlyForDeploymentPostprocessing = 0;
		};
		17A6AAA0299698B2003BE599 /* Frameworks */ = {
			isa = PBXFrameworksBuildPhase;
			buildActionMask = 2147483647;
			files = (
			);
			runOnlyForDeploymentPostprocessing = 0;
		};
		17A6AAAA299698B2003BE599 /* Frameworks */ = {
			isa = PBXFrameworksBuildPhase;
			buildActionMask = 2147483647;
			files = (
			);
			runOnlyForDeploymentPostprocessing = 0;
		};
/* End PBXFrameworksBuildPhase section */

/* Begin PBXGroup section */
		17A6AA84299698B0003BE599 = {
			isa = PBXGroup;
			children = (
				17A6AA8F299698B0003BE599 /* MVP-level One */,
				17A6AAA6299698B2003BE599 /* MVP-level OneTests */,
				17A6AAB0299698B2003BE599 /* MVP-level OneUITests */,
				17A6AA8E299698B0003BE599 /* Products */,
			);
			sourceTree = "<group>";
		};
		17A6AA8E299698B0003BE599 /* Products */ = {
			isa = PBXGroup;
			children = (
				17A6AA8D299698B0003BE599 /* MVP-level One.app */,
				17A6AAA3299698B2003BE599 /* MVP-level OneTests.xctest */,
				17A6AAAD299698B2003BE599 /* MVP-level OneUITests.xctest */,
			);
			name = Products;
			sourceTree = "<group>";
		};
		17A6AA8F299698B0003BE599 /* MVP-level One */ = {
			isa = PBXGroup;
			children = (
				17A6AA90299698B0003BE599 /* AppDelegate.swift */,
				17A6AA92299698B0003BE599 /* SceneDelegate.swift */,
				17A6AACA2996A399003BE599 /* ModuleBuilder.swift */,
				17A6AAC42996A217003BE599 /* MainModel */,
				17A6AA96299698B0003BE599 /* Main.storyboard */,
				17A6AA99299698B2003BE599 /* Assets.xcassets */,
				17A6AA9B299698B2003BE599 /* LaunchScreen.storyboard */,
				17A6AA9E299698B2003BE599 /* Info.plist */,
			);
			path = "MVP-level One";
			sourceTree = "<group>";
		};
		17A6AAA6299698B2003BE599 /* MVP-level OneTests */ = {
			isa = PBXGroup;
			children = (
				17A6AAA7299698B2003BE599 /* MVP_level_OneTests.swift */,
				17A6AACE2996AAD7003BE599 /* TestMainModel */,
			);
			path = "MVP-level OneTests";
			sourceTree = "<group>";
		};
		17A6AAB0299698B2003BE599 /* MVP-level OneUITests */ = {
			isa = PBXGroup;
			children = (
				17A6AAB1299698B2003BE599 /* MVP_level_OneUITests.swift */,
				17A6AAB3299698B2003BE599 /* MVP_level_OneUITestsLaunchTests.swift */,
			);
			path = "MVP-level OneUITests";
			sourceTree = "<group>";
		};
		17A6AAC42996A217003BE599 /* MainModel */ = {
			isa = PBXGroup;
			children = (
				17A6AAC52996A23A003BE599 /* VIew */,
				17A6AAC62996A266003BE599 /* Model */,
				17A6AAC72996A26C003BE599 /* Presenter */,
			);
			path = MainModel;
			sourceTree = "<group>";
		};
		17A6AAC52996A23A003BE599 /* VIew */ = {
			isa = PBXGroup;
			children = (
				17A6AA94299698B0003BE599 /* MainViewController.swift */,
				17A6AAC82996A2AD003BE599 /* MainViewController.xib */,
			);
			path = VIew;
			sourceTree = "<group>";
		};
		17A6AAC62996A266003BE599 /* Model */ = {
			isa = PBXGroup;
			children = (
				17A6AAC029969922003BE599 /* Person.swift */,
			);
			path = Model;
			sourceTree = "<group>";
		};
		17A6AAC72996A26C003BE599 /* Presenter */ = {
			isa = PBXGroup;
			children = (
				17A6AAC22996995A003BE599 /* MainPresenter.swift */,
			);
			path = Presenter;
			sourceTree = "<group>";
		};
		17A6AACE2996AAD7003BE599 /* TestMainModel */ = {
			isa = PBXGroup;
			children = (
				17A6AACF2996AB1C003BE599 /* MainPresentTest.swift */,
			);
			path = TestMainModel;
			sourceTree = "<group>";
		};
/* End PBXGroup section */

/* Begin PBXNativeTarget section */
		17A6AA8C299698B0003BE599 /* MVP-level One */ = {
			isa = PBXNativeTarget;
			buildConfigurationList = 17A6AAB7299698B2003BE599 /* Build configuration list for PBXNativeTarget "MVP-level One" */;
			buildPhases = (
				17A6AA89299698B0003BE599 /* Sources */,
				17A6AA8A299698B0003BE599 /* Frameworks */,
				17A6AA8B299698B0003BE599 /* Resources */,
			);
			buildRules = (
			);
			dependencies = (
			);
			name = "MVP-level One";
			productName = "MVP-level One";
			productReference = 17A6AA8D299698B0003BE599 /* MVP-level One.app */;
			productType = "com.apple.product-type.application";
		};
		17A6AAA2299698B2003BE599 /* MVP-level OneTests */ = {
			isa = PBXNativeTarget;
			buildConfigurationList = 17A6AABA299698B2003BE599 /* Build configuration list for PBXNativeTarget "MVP-level OneTests" */;
			buildPhases = (
				17A6AA9F299698B2003BE599 /* Sources */,
				17A6AAA0299698B2003BE599 /* Frameworks */,
				17A6AAA1299698B2003BE599 /* Resources */,
			);
			buildRules = (
			);
			dependencies = (
				17A6AAA5299698B2003BE599 /* PBXTargetDependency */,
			);
			name = "MVP-level OneTests";
			productName = "MVP-level OneTests";
			productReference = 17A6AAA3299698B2003BE599 /* MVP-level OneTests.xctest */;
			productType = "com.apple.product-type.bundle.unit-test";
		};
		17A6AAAC299698B2003BE599 /* MVP-level OneUITests */ = {
			isa = PBXNativeTarget;
			buildConfigurationList = 17A6AABD299698B2003BE599 /* Build configuration list for PBXNativeTarget "MVP-level OneUITests" */;
			buildPhases = (
				17A6AAA9299698B2003BE599 /* Sources */,
				17A6AAAA299698B2003BE599 /* Frameworks */,
				17A6AAAB299698B2003BE599 /* Resources */,
			);
			buildRules = (
			);
			dependencies = (
				17A6AAAF299698B2003BE599 /* PBXTargetDependency */,
			);
			name = "MVP-level OneUITests";
			productName = "MVP-level OneUITests";
			productReference = 17A6AAAD299698B2003BE599 /* MVP-level OneUITests.xctest */;
			productType = "com.apple.product-type.bundle.ui-testing";
		};
/* End PBXNativeTarget section */

/* Begin PBXProject section */
		17A6AA85299698B0003BE599 /* Project object */ = {
			isa = PBXProject;
			attributes = {
				BuildIndependentTargetsInParallel = 1;
				LastSwiftUpdateCheck = 1410;
				LastUpgradeCheck = 1410;
				TargetAttributes = {
					17A6AA8C299698B0003BE599 = {
						CreatedOnToolsVersion = 14.1;
					};
					17A6AAA2299698B2003BE599 = {
						CreatedOnToolsVersion = 14.1;
						TestTargetID = 17A6AA8C299698B0003BE599;
					};
					17A6AAAC299698B2003BE599 = {
						CreatedOnToolsVersion = 14.1;
						TestTargetID = 17A6AA8C299698B0003BE599;
					};
				};
			};
			buildConfigurationList = 17A6AA88299698B0003BE599 /* Build configuration list for PBXProject "MVP-level One" */;
			compatibilityVersion = "Xcode 14.0";
			developmentRegion = en;
			hasScannedForEncodings = 0;
			knownRegions = (
				en,
				Base,
			);
			mainGroup = 17A6AA84299698B0003BE599;
			productRefGroup = 17A6AA8E299698B0003BE599 /* Products */;
			projectDirPath = "";
			projectRoot = "";
			targets = (
				17A6AA8C299698B0003BE599 /* MVP-level One */,
				17A6AAA2299698B2003BE599 /* MVP-level OneTests */,
				17A6AAAC299698B2003BE599 /* MVP-level OneUITests */,
			);
		};
/* End PBXProject section */

/* Begin PBXResourcesBuildPhase section */
		17A6AA8B299698B0003BE599 /* Resources */ = {
			isa = PBXResourcesBuildPhase;
			buildActionMask = 2147483647;
			files = (
				17A6AA9D299698B2003BE599 /* LaunchScreen.storyboard in Resources */,
				17A6AA9A299698B2003BE599 /* Assets.xcassets in Resources */,
				17A6AA98299698B0003BE599 /* Main.storyboard in Resources */,
				17A6AAC92996A2AD003BE599 /* MainViewController.xib in Resources */,
			);
			runOnlyForDeploymentPostprocessing = 0;
		};
		17A6AAA1299698B2003BE599 /* Resources */ = {
			isa = PBXResourcesBuildPhase;
			buildActionMask = 2147483647;
			files = (
			);
			runOnlyForDeploymentPostprocessing = 0;
		};
		17A6AAAB299698B2003BE599 /* Resources */ = {
			isa = PBXResourcesBuildPhase;
			buildActionMask = 2147483647;
			files = (
			);
			runOnlyForDeploymentPostprocessing = 0;
		};
/* End PBXResourcesBuildPhase section */

/* Begin PBXSourcesBuildPhase section */
		17A6AA89299698B0003BE599 /* Sources */ = {
			isa = PBXSourcesBuildPhase;
			buildActionMask = 2147483647;
			files = (
				17A6AAC32996995A003BE599 /* MainPresenter.swift in Sources */,
				17A6AA95299698B0003BE599 /* MainViewController.swift in Sources */,
				17A6AA91299698B0003BE599 /* AppDelegate.swift in Sources */,
				17A6AAC129969922003BE599 /* Person.swift in Sources */,
				17A6AA93299698B0003BE599 /* SceneDelegate.swift in Sources */,
				17A6AACB2996A399003BE599 /* ModuleBuilder.swift in Sources */,
			);
			runOnlyForDeploymentPostprocessing = 0;
		};
		17A6AA9F299698B2003BE599 /* Sources */ = {
			isa = PBXSourcesBuildPhase;
			buildActionMask = 2147483647;
			files = (
				17A6AAD02996AB1C003BE599 /* MainPresentTest.swift in Sources */,
				17A6AAA8299698B2003BE599 /* MVP_level_OneTests.swift in Sources */,
			);
			runOnlyForDeploymentPostprocessing = 0;
		};
		17A6AAA9299698B2003BE599 /* Sources */ = {
			isa = PBXSourcesBuildPhase;
			buildActionMask = 2147483647;
			files = (
				17A6AAB4299698B2003BE599 /* MVP_level_OneUITestsLaunchTests.swift in Sources */,
				17A6AAB2299698B2003BE599 /* MVP_level_OneUITests.swift in Sources */,
			);
			runOnlyForDeploymentPostprocessing = 0;
		};
/* End PBXSourcesBuildPhase section */

/* Begin PBXTargetDependency section */
		17A6AAA5299698B2003BE599 /* PBXTargetDependency */ = {
			isa = PBXTargetDependency;
			target = 17A6AA8C299698B0003BE599 /* MVP-level One */;
			targetProxy = 17A6AAA4299698B2003BE599 /* PBXContainerItemProxy */;
		};
		17A6AAAF299698B2003BE599 /* PBXTargetDependency */ = {
			isa = PBXTargetDependency;
			target = 17A6AA8C299698B0003BE599 /* MVP-level One */;
			targetProxy = 17A6AAAE299698B2003BE599 /* PBXContainerItemProxy */;
		};
/* End PBXTargetDependency section */

/* Begin PBXVariantGroup section */
		17A6AA96299698B0003BE599 /* Main.storyboard */ = {
			isa = PBXVariantGroup;
			children = (
				17A6AA97299698B0003BE599 /* Base */,
			);
			name = Main.storyboard;
			sourceTree = "<group>";
		};
		17A6AA9B299698B2003BE599 /* LaunchScreen.storyboard */ = {
			isa = PBXVariantGroup;
			children = (
				17A6AA9C299698B2003BE599 /* Base */,
			);
			name = LaunchScreen.storyboard;
			sourceTree = "<group>";
		};
/* End PBXVariantGroup section */

/* Begin XCBuildConfiguration section */
		17A6AAB5299698B2003BE599 /* Debug */ = {
			isa = XCBuildConfiguration;
			buildSettings = {
				ALWAYS_SEARCH_USER_PATHS = NO;
				CLANG_ANALYZER_NONNULL = YES;
				CLANG_ANALYZER_NUMBER_OBJECT_CONVERSION = YES_AGGRESSIVE;
				CLANG_CXX_LANGUAGE_STANDARD = "gnu++20";
				CLANG_ENABLE_MODULES = YES;
				CLANG_ENABLE_OBJC_ARC = YES;
				CLANG_ENABLE_OBJC_WEAK = YES;
				CLANG_WARN_BLOCK_CAPTURE_AUTORELEASING = YES;
				CLANG_WARN_BOOL_CONVERSION = YES;
				CLANG_WARN_COMMA = YES;
				CLANG_WARN_CONSTANT_CONVERSION = YES;
				CLANG_WARN_DEPRECATED_OBJC_IMPLEMENTATIONS = YES;
				CLANG_WARN_DIRECT_OBJC_ISA_USAGE = YES_ERROR;
				CLANG_WARN_DOCUMENTATION_COMMENTS = YES;
				CLANG_WARN_EMPTY_BODY = YES;
				CLANG_WARN_ENUM_CONVERSION = YES;
				CLANG_WARN_INFINITE_RECURSION = YES;
				CLANG_WARN_INT_CONVERSION = YES;
				CLANG_WARN_NON_LITERAL_NULL_CONVERSION = YES;
				CLANG_WARN_OBJC_IMPLICIT_RETAIN_SELF = YES;
				CLANG_WARN_OBJC_LITERAL_CONVERSION = YES;
				CLANG_WARN_OBJC_ROOT_CLASS = YES_ERROR;
				CLANG_WARN_QUOTED_INCLUDE_IN_FRAMEWORK_HEADER = YES;
				CLANG_WARN_RANGE_LOOP_ANALYSIS = YES;
				CLANG_WARN_STRICT_PROTOTYPES = YES;
				CLANG_WARN_SUSPICIOUS_MOVE = YES;
				CLANG_WARN_UNGUARDED_AVAILABILITY = YES_AGGRESSIVE;
				CLANG_WARN_UNREACHABLE_CODE = YES;
				CLANG_WARN__DUPLICATE_METHOD_MATCH = YES;
				COPY_PHASE_STRIP = NO;
				DEBUG_INFORMATION_FORMAT = dwarf;
				ENABLE_STRICT_OBJC_MSGSEND = YES;
				ENABLE_TESTABILITY = YES;
				GCC_C_LANGUAGE_STANDARD = gnu11;
				GCC_DYNAMIC_NO_PIC = NO;
				GCC_NO_COMMON_BLOCKS = YES;
				GCC_OPTIMIZATION_LEVEL = 0;
				GCC_PREPROCESSOR_DEFINITIONS = (
					"DEBUG=1",
					"$(inherited)",
				);
				GCC_WARN_64_TO_32_BIT_CONVERSION = YES;
				GCC_WARN_ABOUT_RETURN_TYPE = YES_ERROR;
				GCC_WARN_UNDECLARED_SELECTOR = YES;
				GCC_WARN_UNINITIALIZED_AUTOS = YES_AGGRESSIVE;
				GCC_WARN_UNUSED_FUNCTION = YES;
				GCC_WARN_UNUSED_VARIABLE = YES;
				IPHONEOS_DEPLOYMENT_TARGET = 16.1;
				MTL_ENABLE_DEBUG_INFO = INCLUDE_SOURCE;
				MTL_FAST_MATH = YES;
				ONLY_ACTIVE_ARCH = YES;
				SDKROOT = iphoneos;
				SWIFT_ACTIVE_COMPILATION_CONDITIONS = DEBUG;
				SWIFT_OPTIMIZATION_LEVEL = "-Onone";
			};
			name = Debug;
		};
		17A6AAB6299698B2003BE599 /* Release */ = {
			isa = XCBuildConfiguration;
			buildSettings = {
				ALWAYS_SEARCH_USER_PATHS = NO;
				CLANG_ANALYZER_NONNULL = YES;
				CLANG_ANALYZER_NUMBER_OBJECT_CONVERSION = YES_AGGRESSIVE;
				CLANG_CXX_LANGUAGE_STANDARD = "gnu++20";
				CLANG_ENABLE_MODULES = YES;
				CLANG_ENABLE_OBJC_ARC = YES;
				CLANG_ENABLE_OBJC_WEAK = YES;
				CLANG_WARN_BLOCK_CAPTURE_AUTORELEASING = YES;
				CLANG_WARN_BOOL_CONVERSION = YES;
				CLANG_WARN_COMMA = YES;
				CLANG_WARN_CONSTANT_CONVERSION = YES;
				CLANG_WARN_DEPRECATED_OBJC_IMPLEMENTATIONS = YES;
				CLANG_WARN_DIRECT_OBJC_ISA_USAGE = YES_ERROR;
				CLANG_WARN_DOCUMENTATION_COMMENTS = YES;
				CLANG_WARN_EMPTY_BODY = YES;
				CLANG_WARN_ENUM_CONVERSION = YES;
				CLANG_WARN_INFINITE_RECURSION = YES;
				CLANG_WARN_INT_CONVERSION = YES;
				CLANG_WARN_NON_LITERAL_NULL_CONVERSION = YES;
				CLANG_WARN_OBJC_IMPLICIT_RETAIN_SELF = YES;
				CLANG_WARN_OBJC_LITERAL_CONVERSION = YES;
				CLANG_WARN_OBJC_ROOT_CLASS = YES_ERROR;
				CLANG_WARN_QUOTED_INCLUDE_IN_FRAMEWORK_HEADER = YES;
				CLANG_WARN_RANGE_LOOP_ANALYSIS = YES;
				CLANG_WARN_STRICT_PROTOTYPES = YES;
				CLANG_WARN_SUSPICIOUS_MOVE = YES;
				CLANG_WARN_UNGUARDED_AVAILABILITY = YES_AGGRESSIVE;
				CLANG_WARN_UNREACHABLE_CODE = YES;
				CLANG_WARN__DUPLICATE_METHOD_MATCH = YES;
				COPY_PHASE_STRIP = NO;
				DEBUG_INFORMATION_FORMAT = "dwarf-with-dsym";
				ENABLE_NS_ASSERTIONS = NO;
				ENABLE_STRICT_OBJC_MSGSEND = YES;
				GCC_C_LANGUAGE_STANDARD = gnu11;
				GCC_NO_COMMON_BLOCKS = YES;
				GCC_WARN_64_TO_32_BIT_CONVERSION = YES;
				GCC_WARN_ABOUT_RETURN_TYPE = YES_ERROR;
				GCC_WARN_UNDECLARED_SELECTOR = YES;
				GCC_WARN_UNINITIALIZED_AUTOS = YES_AGGRESSIVE;
				GCC_WARN_UNUSED_FUNCTION = YES;
				GCC_WARN_UNUSED_VARIABLE = YES;
				IPHONEOS_DEPLOYMENT_TARGET = 16.1;
				MTL_ENABLE_DEBUG_INFO = NO;
				MTL_FAST_MATH = YES;
				SDKROOT = iphoneos;
				SWIFT_COMPILATION_MODE = wholemodule;
				SWIFT_OPTIMIZATION_LEVEL = "-O";
				VALIDATE_PRODUCT = YES;
			};
			name = Release;
		};
		17A6AAB8299698B2003BE599 /* Debug */ = {
			isa = XCBuildConfiguration;
			buildSettings = {
				ASSETCATALOG_COMPILER_APPICON_NAME = AppIcon;
				ASSETCATALOG_COMPILER_GLOBAL_ACCENT_COLOR_NAME = AccentColor;
				CODE_SIGN_STYLE = Automatic;
				CURRENT_PROJECT_VERSION = 1;
				DEVELOPMENT_TEAM = LA9F8MT28T;
				GENERATE_INFOPLIST_FILE = YES;
				INFOPLIST_FILE = "MVP-level One/Info.plist";
				INFOPLIST_KEY_UIApplicationSupportsIndirectInputEvents = YES;
				INFOPLIST_KEY_UILaunchStoryboardName = LaunchScreen;
				INFOPLIST_KEY_UIMainStoryboardFile = Main;
				INFOPLIST_KEY_UISupportedInterfaceOrientations_iPad = "UIInterfaceOrientationPortrait UIInterfaceOrientationPortraitUpsideDown UIInterfaceOrientationLandscapeLeft UIInterfaceOrientationLandscapeRight";
				INFOPLIST_KEY_UISupportedInterfaceOrientations_iPhone = "UIInterfaceOrientationPortrait UIInterfaceOrientationLandscapeLeft UIInterfaceOrientationLandscapeRight";
				LD_RUNPATH_SEARCH_PATHS = (
					"$(inherited)",
					"@executable_path/Frameworks",
				);
				MARKETING_VERSION = 1.0;
				PRODUCT_BUNDLE_IDENTIFIER = "com.karen.MVP-level-One";
				PRODUCT_NAME = "$(TARGET_NAME)";
				SWIFT_EMIT_LOC_STRINGS = YES;
				SWIFT_VERSION = 5.0;
				TARGETED_DEVICE_FAMILY = "1,2";
			};
			name = Debug;
		};
		17A6AAB9299698B2003BE599 /* Release */ = {
			isa = XCBuildConfiguration;
			buildSettings = {
				ASSETCATALOG_COMPILER_APPICON_NAME = AppIcon;
				ASSETCATALOG_COMPILER_GLOBAL_ACCENT_COLOR_NAME = AccentColor;
				CODE_SIGN_STYLE = Automatic;
				CURRENT_PROJECT_VERSION = 1;
				DEVELOPMENT_TEAM = LA9F8MT28T;
				GENERATE_INFOPLIST_FILE = YES;
				INFOPLIST_FILE = "MVP-level One/Info.plist";
				INFOPLIST_KEY_UIApplicationSupportsIndirectInputEvents = YES;
				INFOPLIST_KEY_UILaunchStoryboardName = LaunchScreen;
				INFOPLIST_KEY_UIMainStoryboardFile = Main;
				INFOPLIST_KEY_UISupportedInterfaceOrientations_iPad = "UIInterfaceOrientationPortrait UIInterfaceOrientationPortraitUpsideDown UIInterfaceOrientationLandscapeLeft UIInterfaceOrientationLandscapeRight";
				INFOPLIST_KEY_UISupportedInterfaceOrientations_iPhone = "UIInterfaceOrientationPortrait UIInterfaceOrientationLandscapeLeft UIInterfaceOrientationLandscapeRight";
				LD_RUNPATH_SEARCH_PATHS = (
					"$(inherited)",
					"@executable_path/Frameworks",
				);
				MARKETING_VERSION = 1.0;
				PRODUCT_BUNDLE_IDENTIFIER = "com.karen.MVP-level-One";
				PRODUCT_NAME = "$(TARGET_NAME)";
				SWIFT_EMIT_LOC_STRINGS = YES;
				SWIFT_VERSION = 5.0;
				TARGETED_DEVICE_FAMILY = "1,2";
			};
			name = Release;
		};
		17A6AABB299698B2003BE599 /* Debug */ = {
			isa = XCBuildConfiguration;
			buildSettings = {
				ALWAYS_EMBED_SWIFT_STANDARD_LIBRARIES = YES;
				BUNDLE_LOADER = "$(TEST_HOST)";
				CODE_SIGN_STYLE = Automatic;
				CURRENT_PROJECT_VERSION = 1;
				DEVELOPMENT_TEAM = LA9F8MT28T;
				GENERATE_INFOPLIST_FILE = YES;
				IPHONEOS_DEPLOYMENT_TARGET = 16.1;
				MARKETING_VERSION = 1.0;
				PRODUCT_BUNDLE_IDENTIFIER = "com.karen.MVP-level-OneTests";
				PRODUCT_NAME = "$(TARGET_NAME)";
				SWIFT_EMIT_LOC_STRINGS = NO;
				SWIFT_VERSION = 5.0;
				TARGETED_DEVICE_FAMILY = "1,2";
				TEST_HOST = "$(BUILT_PRODUCTS_DIR)/MVP-level One.app/$(BUNDLE_EXECUTABLE_FOLDER_PATH)/MVP-level One";
			};
			name = Debug;
		};
		17A6AABC299698B2003BE599 /* Release */ = {
			isa = XCBuildConfiguration;
			buildSettings = {
				ALWAYS_EMBED_SWIFT_STANDARD_LIBRARIES = YES;
				BUNDLE_LOADER = "$(TEST_HOST)";
				CODE_SIGN_STYLE = Automatic;
				CURRENT_PROJECT_VERSION = 1;
				DEVELOPMENT_TEAM = LA9F8MT28T;
				GENERATE_INFOPLIST_FILE = YES;
				IPHONEOS_DEPLOYMENT_TARGET = 16.1;
				MARKETING_VERSION = 1.0;
				PRODUCT_BUNDLE_IDENTIFIER = "com.karen.MVP-level-OneTests";
				PRODUCT_NAME = "$(TARGET_NAME)";
				SWIFT_EMIT_LOC_STRINGS = NO;
				SWIFT_VERSION = 5.0;
				TARGETED_DEVICE_FAMILY = "1,2";
				TEST_HOST = "$(BUILT_PRODUCTS_DIR)/MVP-level One.app/$(BUNDLE_EXECUTABLE_FOLDER_PATH)/MVP-level One";
			};
			name = Release;
		};
		17A6AABE299698B2003BE599 /* Debug */ = {
			isa = XCBuildConfiguration;
			buildSettings = {
				ALWAYS_EMBED_SWIFT_STANDARD_LIBRARIES = YES;
				CODE_SIGN_STYLE = Automatic;
				CURRENT_PROJECT_VERSION = 1;
				DEVELOPMENT_TEAM = LA9F8MT28T;
				GENERATE_INFOPLIST_FILE = YES;
				MARKETING_VERSION = 1.0;
				PRODUCT_BUNDLE_IDENTIFIER = "com.karen.MVP-level-OneUITests";
				PRODUCT_NAME = "$(TARGET_NAME)";
				SWIFT_EMIT_LOC_STRINGS = NO;
				SWIFT_VERSION = 5.0;
				TARGETED_DEVICE_FAMILY = "1,2";
				TEST_TARGET_NAME = "MVP-level One";
			};
			name = Debug;
		};
		17A6AABF299698B2003BE599 /* Release */ = {
			isa = XCBuildConfiguration;
			buildSettings = {
				ALWAYS_EMBED_SWIFT_STANDARD_LIBRARIES = YES;
				CODE_SIGN_STYLE = Automatic;
				CURRENT_PROJECT_VERSION = 1;
				DEVELOPMENT_TEAM = LA9F8MT28T;
				GENERATE_INFOPLIST_FILE = YES;
				MARKETING_VERSION = 1.0;
				PRODUCT_BUNDLE_IDENTIFIER = "com.karen.MVP-level-OneUITests";
				PRODUCT_NAME = "$(TARGET_NAME)";
				SWIFT_EMIT_LOC_STRINGS = NO;
				SWIFT_VERSION = 5.0;
				TARGETED_DEVICE_FAMILY = "1,2";
				TEST_TARGET_NAME = "MVP-level One";
			};
			name = Release;
		};
/* End XCBuildConfiguration section */

/* Begin XCConfigurationList section */
		17A6AA88299698B0003BE599 /* Build configuration list for PBXProject "MVP-level One" */ = {
			isa = XCConfigurationList;
			buildConfigurations = (
				17A6AAB5299698B2003BE599 /* Debug */,
				17A6AAB6299698B2003BE599 /* Release */,
			);
			defaultConfigurationIsVisible = 0;
			defaultConfigurationName = Release;
		};
		17A6AAB7299698B2003BE599 /* Build configuration list for PBXNativeTarget "MVP-level One" */ = {
			isa = XCConfigurationList;
			buildConfigurations = (
				17A6AAB8299698B2003BE599 /* Debug */,
				17A6AAB9299698B2003BE599 /* Release */,
			);
			defaultConfigurationIsVisible = 0;
			defaultConfigurationName = Release;
		};
		17A6AABA299698B2003BE599 /* Build configuration list for PBXNativeTarget "MVP-level OneTests" */ = {
			isa = XCConfigurationList;
			buildConfigurations = (
				17A6AABB299698B2003BE599 /* Debug */,
				17A6AABC299698B2003BE599 /* Release */,
			);
			defaultConfigurationIsVisible = 0;
			defaultConfigurationName = Release;
		};
		17A6AABD299698B2003BE599 /* Build configuration list for PBXNativeTarget "MVP-level OneUITests" */ = {
			isa = XCConfigurationList;
			buildConfigurations = (
				17A6AABE299698B2003BE599 /* Debug */,
				17A6AABF299698B2003BE599 /* Release */,
			);
			defaultConfigurationIsVisible = 0;
			defaultConfigurationName = Release;
		};
/* End XCConfigurationList section */
	};
	rootObject = 17A6AA85299698B0003BE599 /* Project object */;
}
